version = 1
revision = 3
requires-python = ">=3.11"

[[package]]
name = "async-timeout"
version = "5.0.1"
source = { registry = "https://pypi.org/simple" }
sdist = { url = "https://files.pythonhosted.org/packages/a5/ae/136395dfbfe00dfc94da3f3e136d0b13f394cba8f4841120e34226265780/async_timeout-5.0.1.tar.gz", hash = "sha256:d9321a7a3d5a6a5e187e824d2fa0793ce379a202935782d555d6e9d2735677d3", size = 9274, upload-time = "2024-11-06T16:41:39.6Z" }
wheels = [
    { url = "https://files.pythonhosted.org/packages/fe/ba/e2081de779ca30d473f21f5b30e0e737c438205440784c7dfc81efc2b029/async_timeout-5.0.1-py3-none-any.whl", hash = "sha256:39e3809566ff85354557ec2398b55e096c8364bacac9405a7a1fa429e77fe76c", size = 6233, upload-time = "2024-11-06T16:41:37.9Z" },
]

[[package]]
name = "play-redis"
version = "0.1.0"
source = { virtual = "." }
dependencies = [
    { name = "redis" },
]

[package.metadata]
requires-dist = [{ name = "redis", specifier = ">=7.2.0" }]

[[package]]
name = "redis"
version = "7.2.0"
source = { registry = "https://pypi.org/simple" }
dependencies = [
    { name = "async-timeout", marker = "python_full_version < '3.11.3'" },
]
sdist = { url = "https://files.pythonhosted.org/packages/9f/32/6fac13a11e73e1bc67a2ae821a72bfe4c2d8c4c48f0267e4a952be0f1bae/redis-7.2.0.tar.gz", hash = "sha256:4dd5bf4bd4ae80510267f14185a15cba2a38666b941aff68cccf0256b51c1f26", size = 4901247, upload-time = "2026-02-16T17:16:22.797Z" }
wheels = [
    { url = "https://files.pythonhosted.org/packages/86/cf/f6180b67f99688d83e15c84c5beda831d1d341e95872d224f87ccafafe61/redis-7.2.0-py3-none-any.whl", hash = "sha256:01f591f8598e483f1842d429e8ae3a820804566f1c73dca1b80e23af9fba0497", size = 394898, upload-time = "2026-02-16T17:16:20.693Z" },
]
